{
    "version": 1,
    "terraform_version": "0.0.0",
    "serial": 1,
    "lineage": "aa16bd13-869e-f379-7e2e-6db9364c6c5d",
    "outputs": {},
    "resources": [
      {
        "mode": "managed",
        "type": "azurerm_resource_group",
        "name": "rg",
        "provider": "provider[\"registry.terraform.io/hashicorp/azurerm\"]",
        "instances": [
          {
            "schema_version": 0,
            "attributes": {
              "id": "/subscriptions/sub_id/resourceGroups/APPLICATION_DEV",
              "location": "westeurope",
              "name": "APPLICATION_DEV",
              "tags": {
                "ATSOwner": "A Person",
                "Application": "Application",
                "Environment": "Dev",
                "TechnicalContact": "B Person"
              }
            }
          }
        ]
      },
      {
        "mode": "managed",
        "type": "azurerm_storage_account",
        "name": "storageaccount",
        "provider": "provider[\"registry.terraform.io/hashicorp/azurerm\"]",
        "instances": [
          {
            "schema_version": 0,
            "attributes": {
              "access_tier": "Hot",
              "account_kind": "StorageV2",
              "account_replication_type": "LRS",
              "account_tier": "Standard",
              "resource_group_name": "APPLICATION_DEV"
            }
          }
        ]
      }
    ]
}
  